{
  "name": "@nexssp/extend",
  "version": "1.0.2",
  "lockfileVersion": 2,
  "requires": true,
  "packages": {
    "": {
      "name": "@nexssp/extend",
      "version": "1.0.2",
      "funding": [
        {
          "type": "paypal",
          "url": "https://www.paypal.com/paypalme/mapoart"
        },
        {
          "type": "github",
          "url": "https://github.com/nexssp/cli?sponsor=1"
        }
      ],
      "license": "MIT"
    }
  }
}
